
Microsoft Visual Studio Solution File, Format Version 12.00
# Visual Studio 15
VisualStudioVersion = 15.0.28307.852
MinimumVisualStudioVersion = 10.0.40219.1
Project("{FAE04EC0-301F-11D3-BF4B-00C04F79EFBC}") = "TestAfClassLibrary(.NET Core)", "TestAfClassLibrary(.NET Core)\TestAfClassLibrary(.NET Core).csproj", "{8D5A7DF5-E1BE-43C2-9A0D-3FBE7D762EDF}"
EndProject
Project("{FAE04EC0-301F-11D3-BF4B-00C04F79EFBC}") = "UnitTest", "UnitTest\UnitTest.csproj", "{29026599-C8F0-4CD4-BCB3-1BEBA7507BA0}"
EndProject
Global
	GlobalSection(SolutionConfigurationPlatforms) = preSolution
		Debug|Any CPU = Debug|Any CPU
		Release|Any CPU = Release|Any CPU
	EndGlobalSection
	GlobalSection(ProjectConfigurationPlatforms) = postSolution
		{8D5A7DF5-E1BE-43C2-9A0D-3FBE7D762EDF}.Debug|Any CPU.ActiveCfg = Debug|Any CPU
		{8D5A7DF5-E1BE-43C2-9A0D-3FBE7D762EDF}.Debug|Any CPU.Build.0 = Debug|Any CPU
		{8D5A7DF5-E1BE-43C2-9A0D-3FBE7D762EDF}.Release|Any CPU.ActiveCfg = Release|Any CPU
		{8D5A7DF5-E1BE-43C2-9A0D-3FBE7D762EDF}.Release|Any CPU.Build.0 = Release|Any CPU
		{29026599-C8F0-4CD4-BCB3-1BEBA7507BA0}.Debug|Any CPU.ActiveCfg = Debug|Any CPU
		{29026599-C8F0-4CD4-BCB3-1BEBA7507BA0}.Debug|Any CPU.Build.0 = Debug|Any CPU
		{29026599-C8F0-4CD4-BCB3-1BEBA7507BA0}.Release|Any CPU.ActiveCfg = Release|Any CPU
		{29026599-C8F0-4CD4-BCB3-1BEBA7507BA0}.Release|Any CPU.Build.0 = Release|Any CPU
	EndGlobalSection
	GlobalSection(SolutionProperties) = preSolution
		HideSolutionNode = FALSE
	EndGlobalSection
	GlobalSection(ExtensibilityGlobals) = postSolution
		SolutionGuid = {667D5356-9BB6-4AC8-B992-F9CBFABBB885}
	EndGlobalSection
EndGlobal
